
Microsoft Visual Studio Solution File, Format Version 12.00
# Visual Studio Version 17
VisualStudioVersion = 17.3.32825.248
MinimumVisualStudioVersion = 10.0.40219.1
Project("{9A19103F-16F7-4668-BE54-9A1E7A4F7556}") = "lab4_task1", "lab4_task1\lab4_task1.csproj", "{089C2FEA-610C-4103-9C21-205C44603375}"
EndProject
Project("{9A19103F-16F7-4668-BE54-9A1E7A4F7556}") = "lab4_task2", "lab4_task2\lab4_task2.csproj", "{B60648DE-FD17-4CF9-B55D-ED60783F09F0}"
EndProject
Project("{9A19103F-16F7-4668-BE54-9A1E7A4F7556}") = "lab4_task3", "lab4_task3\lab4_task3.csproj", "{CA842DA2-CCDF-4BED-BE33-80F0627E13AD}"
EndProject
Global
	GlobalSection(SolutionConfigurationPlatforms) = preSolution
		Debug|Any CPU = Debug|Any CPU
		Release|Any CPU = Release|Any CPU
	EndGlobalSection
	GlobalSection(ProjectConfigurationPlatforms) = postSolution
		{089C2FEA-610C-4103-9C21-205C44603375}.Debug|Any CPU.ActiveCfg = Debug|Any CPU
		{089C2FEA-610C-4103-9C21-205C44603375}.Debug|Any CPU.Build.0 = Debug|Any CPU
		{089C2FEA-610C-4103-9C21-205C44603375}.Release|Any CPU.ActiveCfg = Release|Any CPU
		{089C2FEA-610C-4103-9C21-205C44603375}.Release|Any CPU.Build.0 = Release|Any CPU
		{B60648DE-FD17-4CF9-B55D-ED60783F09F0}.Debug|Any CPU.ActiveCfg = Debug|Any CPU
		{B60648DE-FD17-4CF9-B55D-ED60783F09F0}.Debug|Any CPU.Build.0 = Debug|Any CPU
		{B60648DE-FD17-4CF9-B55D-ED60783F09F0}.Release|Any CPU.ActiveCfg = Release|Any CPU
		{B60648DE-FD17-4CF9-B55D-ED60783F09F0}.Release|Any CPU.Build.0 = Release|Any CPU
		{CA842DA2-CCDF-4BED-BE33-80F0627E13AD}.Debug|Any CPU.ActiveCfg = Debug|Any CPU
		{CA842DA2-CCDF-4BED-BE33-80F0627E13AD}.Debug|Any CPU.Build.0 = Debug|Any CPU
		{CA842DA2-CCDF-4BED-BE33-80F0627E13AD}.Release|Any CPU.ActiveCfg = Release|Any CPU
		{CA842DA2-CCDF-4BED-BE33-80F0627E13AD}.Release|Any CPU.Build.0 = Release|Any CPU
	EndGlobalSection
	GlobalSection(SolutionProperties) = preSolution
		HideSolutionNode = FALSE
	EndGlobalSection
	GlobalSection(ExtensibilityGlobals) = postSolution
		SolutionGuid = {6B801A0D-2714-40C0-97F9-09FD71D26EDF}
	EndGlobalSection
EndGlobal
