
Microsoft Visual Studio Solution File, Format Version 12.00
# Visual Studio Version 17
VisualStudioVersion = 17.3.32825.248
MinimumVisualStudioVersion = 10.0.40219.1
Project("{FAE04EC0-301F-11D3-BF4B-00C04F79EFBC}") = "lab8", "lab8.csproj", "{65F02876-573D-4B19-83FE-0032BCA41E6C}"
EndProject
Global
	GlobalSection(SolutionConfigurationPlatforms) = preSolution
		Debug|Any CPU = Debug|Any CPU
		Release|Any CPU = Release|Any CPU
	EndGlobalSection
	GlobalSection(ProjectConfigurationPlatforms) = postSolution
		{65F02876-573D-4B19-83FE-0032BCA41E6C}.Debug|Any CPU.ActiveCfg = Debug|Any CPU
		{65F02876-573D-4B19-83FE-0032BCA41E6C}.Debug|Any CPU.Build.0 = Debug|Any CPU
		{65F02876-573D-4B19-83FE-0032BCA41E6C}.Release|Any CPU.ActiveCfg = Release|Any CPU
		{65F02876-573D-4B19-83FE-0032BCA41E6C}.Release|Any CPU.Build.0 = Release|Any CPU
	EndGlobalSection
	GlobalSection(SolutionProperties) = preSolution
		HideSolutionNode = FALSE
	EndGlobalSection
	GlobalSection(ExtensibilityGlobals) = postSolution
		SolutionGuid = {8477FD8B-501B-413F-8F10-24C29840B807}
	EndGlobalSection
EndGlobal
