
Microsoft Visual Studio Solution File, Format Version 12.00
# Visual Studio Version 17
VisualStudioVersion = 17.4.33205.214
MinimumVisualStudioVersion = 10.0.40219.1
Project("{FAE04EC0-301F-11D3-BF4B-00C04F79EFBC}") = "lab_dop_sdi", "lab_dop_sdi.csproj", "{78E0FADF-5867-43A3-958F-FA3B1755CCCB}"
EndProject
Global
	GlobalSection(SolutionConfigurationPlatforms) = preSolution
		Debug|Any CPU = Debug|Any CPU
		Release|Any CPU = Release|Any CPU
	EndGlobalSection
	GlobalSection(ProjectConfigurationPlatforms) = postSolution
		{78E0FADF-5867-43A3-958F-FA3B1755CCCB}.Debug|Any CPU.ActiveCfg = Debug|Any CPU
		{78E0FADF-5867-43A3-958F-FA3B1755CCCB}.Debug|Any CPU.Build.0 = Debug|Any CPU
		{78E0FADF-5867-43A3-958F-FA3B1755CCCB}.Release|Any CPU.ActiveCfg = Release|Any CPU
		{78E0FADF-5867-43A3-958F-FA3B1755CCCB}.Release|Any CPU.Build.0 = Release|Any CPU
	EndGlobalSection
	GlobalSection(SolutionProperties) = preSolution
		HideSolutionNode = FALSE
	EndGlobalSection
	GlobalSection(ExtensibilityGlobals) = postSolution
		SolutionGuid = {1FD21B4B-26F3-4B25-A2F0-F6556D81ACC2}
	EndGlobalSection
EndGlobal
