
Microsoft Visual Studio Solution File, Format Version 12.00
# Visual Studio Version 17
VisualStudioVersion = 17.3.32825.248
MinimumVisualStudioVersion = 10.0.40219.1
Project("{FAE04EC0-301F-11D3-BF4B-00C04F79EFBC}") = "lab7", "lab7.csproj", "{146B7E1A-C615-4D6C-8910-3A8B4795024C}"
EndProject
Project("{FAE04EC0-301F-11D3-BF4B-00C04F79EFBC}") = "project2", "..\project2\project2.csproj", "{DBE52FE9-EA7D-46F9-B2FE-310EDD793030}"
EndProject
Global
	GlobalSection(SolutionConfigurationPlatforms) = preSolution
		Debug|Any CPU = Debug|Any CPU
		Release|Any CPU = Release|Any CPU
	EndGlobalSection
	GlobalSection(ProjectConfigurationPlatforms) = postSolution
		{146B7E1A-C615-4D6C-8910-3A8B4795024C}.Debug|Any CPU.ActiveCfg = Debug|Any CPU
		{146B7E1A-C615-4D6C-8910-3A8B4795024C}.Debug|Any CPU.Build.0 = Debug|Any CPU
		{146B7E1A-C615-4D6C-8910-3A8B4795024C}.Release|Any CPU.ActiveCfg = Release|Any CPU
		{146B7E1A-C615-4D6C-8910-3A8B4795024C}.Release|Any CPU.Build.0 = Release|Any CPU
		{DBE52FE9-EA7D-46F9-B2FE-310EDD793030}.Debug|Any CPU.ActiveCfg = Debug|Any CPU
		{DBE52FE9-EA7D-46F9-B2FE-310EDD793030}.Debug|Any CPU.Build.0 = Debug|Any CPU
		{DBE52FE9-EA7D-46F9-B2FE-310EDD793030}.Release|Any CPU.ActiveCfg = Release|Any CPU
		{DBE52FE9-EA7D-46F9-B2FE-310EDD793030}.Release|Any CPU.Build.0 = Release|Any CPU
	EndGlobalSection
	GlobalSection(SolutionProperties) = preSolution
		HideSolutionNode = FALSE
	EndGlobalSection
	GlobalSection(ExtensibilityGlobals) = postSolution
		SolutionGuid = {AE4490C0-D118-4F8D-8B8B-8090B7A9252D}
	EndGlobalSection
EndGlobal
