
Microsoft Visual Studio Solution File, Format Version 12.00
# Visual Studio Version 17
VisualStudioVersion = 17.3.32825.248
MinimumVisualStudioVersion = 10.0.40219.1
Project("{9A19103F-16F7-4668-BE54-9A1E7A4F7556}") = "lab13", "lab13.csproj", "{D0B7587E-51F6-4852-A1F2-04EF1298AA89}"
EndProject
Project("{FAE04EC0-301F-11D3-BF4B-00C04F79EFBC}") = "project2", "..\project2\project2.csproj", "{2BCC8481-D576-48D2-BDF3-113D38909A0C}"
EndProject
Project("{FAE04EC0-301F-11D3-BF4B-00C04F79EFBC}") = "project3", "..\project3\project3.csproj", "{5BB8E657-D74E-4678-AEAF-35B13DA6143E}"
EndProject
Global
	GlobalSection(SolutionConfigurationPlatforms) = preSolution
		Debug|Any CPU = Debug|Any CPU
		Release|Any CPU = Release|Any CPU
	EndGlobalSection
	GlobalSection(ProjectConfigurationPlatforms) = postSolution
		{D0B7587E-51F6-4852-A1F2-04EF1298AA89}.Debug|Any CPU.ActiveCfg = Debug|Any CPU
		{D0B7587E-51F6-4852-A1F2-04EF1298AA89}.Debug|Any CPU.Build.0 = Debug|Any CPU
		{D0B7587E-51F6-4852-A1F2-04EF1298AA89}.Release|Any CPU.ActiveCfg = Release|Any CPU
		{D0B7587E-51F6-4852-A1F2-04EF1298AA89}.Release|Any CPU.Build.0 = Release|Any CPU
		{2BCC8481-D576-48D2-BDF3-113D38909A0C}.Debug|Any CPU.ActiveCfg = Debug|Any CPU
		{2BCC8481-D576-48D2-BDF3-113D38909A0C}.Debug|Any CPU.Build.0 = Debug|Any CPU
		{2BCC8481-D576-48D2-BDF3-113D38909A0C}.Release|Any CPU.ActiveCfg = Release|Any CPU
		{2BCC8481-D576-48D2-BDF3-113D38909A0C}.Release|Any CPU.Build.0 = Release|Any CPU
		{5BB8E657-D74E-4678-AEAF-35B13DA6143E}.Debug|Any CPU.ActiveCfg = Debug|Any CPU
		{5BB8E657-D74E-4678-AEAF-35B13DA6143E}.Debug|Any CPU.Build.0 = Debug|Any CPU
		{5BB8E657-D74E-4678-AEAF-35B13DA6143E}.Release|Any CPU.ActiveCfg = Release|Any CPU
		{5BB8E657-D74E-4678-AEAF-35B13DA6143E}.Release|Any CPU.Build.0 = Release|Any CPU
	EndGlobalSection
	GlobalSection(SolutionProperties) = preSolution
		HideSolutionNode = FALSE
	EndGlobalSection
	GlobalSection(ExtensibilityGlobals) = postSolution
		SolutionGuid = {426F7A8C-5D35-400D-9810-76391CFDC9CC}
	EndGlobalSection
EndGlobal
